
Microsoft Visual Studio Solution File, Format Version 12.00
# Visual Studio 14
VisualStudioVersion = 14.0.25420.1
MinimumVisualStudioVersion = 10.0.40219.1
Project("{2150E333-8FDC-42A3-9474-1A3956D46DE8}") = "Tablet Interface", "Tablet Interface", "{657C0E27-735A-4034-9C52-D511E4B17F1B}"
EndProject
Project("{2150E333-8FDC-42A3-9474-1A3956D46DE8}") = "Services", "Services", "{84A389A1-7ECE-42B2-9EE9-00A5610DFC2B}"
EndProject
Project("{2150E333-8FDC-42A3-9474-1A3956D46DE8}") = "Common", "Common", "{A9B0A2CB-F9B9-4201-BA91-C758CECD78B3}"
EndProject
Project("{FAE04EC0-301F-11D3-BF4B-00C04F79EFBC}") = "OxHack.SignInKiosk.Windows", "OxHack.SignInKiosk\OxHack.SignInKiosk.Windows\OxHack.SignInKiosk.Windows.csproj", "{6016CBFC-8E73-4C38-A293-DEB2FD125169}"
EndProject
Project("{FAE04EC0-301F-11D3-BF4B-00C04F79EFBC}") = "OxHack.SignInKiosk.PrinterService", "OxHack.SignInKiosk.PrinterService\OxHack.SignInKiosk.PrinterService.csproj", "{6FB1E20F-39C9-400F-89EE-14C6D9CC4B89}"
EndProject
Project("{FAE04EC0-301F-11D3-BF4B-00C04F79EFBC}") = "OxHack.SignInKiosk.TokenReaderService", "OxHack.SignInKiosk.TokenReaderService\OxHack.SignInKiosk.TokenReaderService.csproj", "{B88350AF-B8A6-4D6B-8F2A-26309F6F340A}"
EndProject
Project("{FAE04EC0-301F-11D3-BF4B-00C04F79EFBC}") = "OxHack.SignInKiosk.Messaging", "OxHack.SignInKiosk.Messaging\OxHack.SignInKiosk.Messaging.csproj", "{DAE3A274-DE5E-48B0-B2BB-B5CDBA3CB806}"
EndProject
Project("{FAE04EC0-301F-11D3-BF4B-00C04F79EFBC}") = "OxHack.SignInKiosk.MessageBrokerProxyService", "OxHack.SignInKiosk.MessageBrokerProxyService\OxHack.SignInKiosk.MessageBrokerProxyService.csproj", "{6EBF00D0-C8E7-4C33-AAB4-396BBCC545F1}"
EndProject
Project("{FAE04EC0-301F-11D3-BF4B-00C04F79EFBC}") = "OxHack.SignInKiosk.CoreService", "OxHack.SignInKiosk.CoreService\OxHack.SignInKiosk.CoreService.csproj", "{175BD6F7-5194-4A79-84D2-82E012B34730}"
EndProject
Project("{FAE04EC0-301F-11D3-BF4B-00C04F79EFBC}") = "OxHack.SignInKiosk.Web", "OxHack.SignInKiosk.Web\OxHack.SignInKiosk.Web.csproj", "{BB912513-CA1E-475B-9B29-F6D8512D8DD9}"
EndProject
Global
	GlobalSection(SolutionConfigurationPlatforms) = preSolution
		Debug|Any CPU = Debug|Any CPU
		Debug|ARM = Debug|ARM
		Debug|x64 = Debug|x64
		Debug|x86 = Debug|x86
		Release|Any CPU = Release|Any CPU
		Release|ARM = Release|ARM
		Release|x64 = Release|x64
		Release|x86 = Release|x86
	EndGlobalSection
	GlobalSection(ProjectConfigurationPlatforms) = postSolution
		{6016CBFC-8E73-4C38-A293-DEB2FD125169}.Debug|Any CPU.ActiveCfg = Debug|Any CPU
		{6016CBFC-8E73-4C38-A293-DEB2FD125169}.Debug|Any CPU.Build.0 = Debug|Any CPU
		{6016CBFC-8E73-4C38-A293-DEB2FD125169}.Debug|Any CPU.Deploy.0 = Debug|Any CPU
		{6016CBFC-8E73-4C38-A293-DEB2FD125169}.Debug|ARM.ActiveCfg = Debug|ARM
		{6016CBFC-8E73-4C38-A293-DEB2FD125169}.Debug|ARM.Build.0 = Debug|ARM
		{6016CBFC-8E73-4C38-A293-DEB2FD125169}.Debug|ARM.Deploy.0 = Debug|ARM
		{6016CBFC-8E73-4C38-A293-DEB2FD125169}.Debug|x64.ActiveCfg = Debug|x64
		{6016CBFC-8E73-4C38-A293-DEB2FD125169}.Debug|x64.Build.0 = Debug|x64
		{6016CBFC-8E73-4C38-A293-DEB2FD125169}.Debug|x64.Deploy.0 = Debug|x64
		{6016CBFC-8E73-4C38-A293-DEB2FD125169}.Debug|x86.ActiveCfg = Debug|x86
		{6016CBFC-8E73-4C38-A293-DEB2FD125169}.Debug|x86.Build.0 = Debug|x86
		{6016CBFC-8E73-4C38-A293-DEB2FD125169}.Debug|x86.Deploy.0 = Debug|x86
		{6016CBFC-8E73-4C38-A293-DEB2FD125169}.Release|Any CPU.ActiveCfg = Release|Any CPU
		{6016CBFC-8E73-4C38-A293-DEB2FD125169}.Release|Any CPU.Build.0 = Release|Any CPU
		{6016CBFC-8E73-4C38-A293-DEB2FD125169}.Release|Any CPU.Deploy.0 = Release|Any CPU
		{6016CBFC-8E73-4C38-A293-DEB2FD125169}.Release|ARM.ActiveCfg = Release|ARM
		{6016CBFC-8E73-4C38-A293-DEB2FD125169}.Release|ARM.Build.0 = Release|ARM
		{6016CBFC-8E73-4C38-A293-DEB2FD125169}.Release|ARM.Deploy.0 = Release|ARM
		{6016CBFC-8E73-4C38-A293-DEB2FD125169}.Release|x64.ActiveCfg = Release|x64
		{6016CBFC-8E73-4C38-A293-DEB2FD125169}.Release|x64.Build.0 = Release|x64
		{6016CBFC-8E73-4C38-A293-DEB2FD125169}.Release|x64.Deploy.0 = Release|x64
		{6016CBFC-8E73-4C38-A293-DEB2FD125169}.Release|x86.ActiveCfg = Release|x86
		{6016CBFC-8E73-4C38-A293-DEB2FD125169}.Release|x86.Build.0 = Release|x86
		{6016CBFC-8E73-4C38-A293-DEB2FD125169}.Release|x86.Deploy.0 = Release|x86
		{6FB1E20F-39C9-400F-89EE-14C6D9CC4B89}.Debug|Any CPU.ActiveCfg = Debug|Any CPU
		{6FB1E20F-39C9-400F-89EE-14C6D9CC4B89}.Debug|Any CPU.Build.0 = Debug|Any CPU
		{6FB1E20F-39C9-400F-89EE-14C6D9CC4B89}.Debug|ARM.ActiveCfg = Debug|Any CPU
		{6FB1E20F-39C9-400F-89EE-14C6D9CC4B89}.Debug|ARM.Build.0 = Debug|Any CPU
		{6FB1E20F-39C9-400F-89EE-14C6D9CC4B89}.Debug|x64.ActiveCfg = Debug|Any CPU
		{6FB1E20F-39C9-400F-89EE-14C6D9CC4B89}.Debug|x64.Build.0 = Debug|Any CPU
		{6FB1E20F-39C9-400F-89EE-14C6D9CC4B89}.Debug|x86.ActiveCfg = Debug|Any CPU
		{6FB1E20F-39C9-400F-89EE-14C6D9CC4B89}.Debug|x86.Build.0 = Debug|Any CPU
		{6FB1E20F-39C9-400F-89EE-14C6D9CC4B89}.Release|Any CPU.ActiveCfg = Release|Any CPU
		{6FB1E20F-39C9-400F-89EE-14C6D9CC4B89}.Release|Any CPU.Build.0 = Release|Any CPU
		{6FB1E20F-39C9-400F-89EE-14C6D9CC4B89}.Release|ARM.ActiveCfg = Release|Any CPU
		{6FB1E20F-39C9-400F-89EE-14C6D9CC4B89}.Release|ARM.Build.0 = Release|Any CPU
		{6FB1E20F-39C9-400F-89EE-14C6D9CC4B89}.Release|x64.ActiveCfg = Release|Any CPU
		{6FB1E20F-39C9-400F-89EE-14C6D9CC4B89}.Release|x64.Build.0 = Release|Any CPU
		{6FB1E20F-39C9-400F-89EE-14C6D9CC4B89}.Release|x86.ActiveCfg = Release|Any CPU
		{6FB1E20F-39C9-400F-89EE-14C6D9CC4B89}.Release|x86.Build.0 = Release|Any CPU
		{B88350AF-B8A6-4D6B-8F2A-26309F6F340A}.Debug|Any CPU.ActiveCfg = Debug|Any CPU
		{B88350AF-B8A6-4D6B-8F2A-26309F6F340A}.Debug|Any CPU.Build.0 = Debug|Any CPU
		{B88350AF-B8A6-4D6B-8F2A-26309F6F340A}.Debug|ARM.ActiveCfg = Debug|Any CPU
		{B88350AF-B8A6-4D6B-8F2A-26309F6F340A}.Debug|ARM.Build.0 = Debug|Any CPU
		{B88350AF-B8A6-4D6B-8F2A-26309F6F340A}.Debug|x64.ActiveCfg = Debug|Any CPU
		{B88350AF-B8A6-4D6B-8F2A-26309F6F340A}.Debug|x64.Build.0 = Debug|Any CPU
		{B88350AF-B8A6-4D6B-8F2A-26309F6F340A}.Debug|x86.ActiveCfg = Debug|Any CPU
		{B88350AF-B8A6-4D6B-8F2A-26309F6F340A}.Debug|x86.Build.0 = Debug|Any CPU
		{B88350AF-B8A6-4D6B-8F2A-26309F6F340A}.Release|Any CPU.ActiveCfg = Release|Any CPU
		{B88350AF-B8A6-4D6B-8F2A-26309F6F340A}.Release|Any CPU.Build.0 = Release|Any CPU
		{B88350AF-B8A6-4D6B-8F2A-26309F6F340A}.Release|ARM.ActiveCfg = Release|Any CPU
		{B88350AF-B8A6-4D6B-8F2A-26309F6F340A}.Release|ARM.Build.0 = Release|Any CPU
		{B88350AF-B8A6-4D6B-8F2A-26309F6F340A}.Release|x64.ActiveCfg = Release|Any CPU
		{B88350AF-B8A6-4D6B-8F2A-26309F6F340A}.Release|x64.Build.0 = Release|Any CPU
		{B88350AF-B8A6-4D6B-8F2A-26309F6F340A}.Release|x86.ActiveCfg = Release|Any CPU
		{B88350AF-B8A6-4D6B-8F2A-26309F6F340A}.Release|x86.Build.0 = Release|Any CPU
		{DAE3A274-DE5E-48B0-B2BB-B5CDBA3CB806}.Debug|Any CPU.ActiveCfg = Debug|Any CPU
		{DAE3A274-DE5E-48B0-B2BB-B5CDBA3CB806}.Debug|Any CPU.Build.0 = Debug|Any CPU
		{DAE3A274-DE5E-48B0-B2BB-B5CDBA3CB806}.Debug|ARM.ActiveCfg = Debug|Any CPU
		{DAE3A274-DE5E-48B0-B2BB-B5CDBA3CB806}.Debug|ARM.Build.0 = Debug|Any CPU
		{DAE3A274-DE5E-48B0-B2BB-B5CDBA3CB806}.Debug|x64.ActiveCfg = Debug|Any CPU
		{DAE3A274-DE5E-48B0-B2BB-B5CDBA3CB806}.Debug|x64.Build.0 = Debug|Any CPU
		{DAE3A274-DE5E-48B0-B2BB-B5CDBA3CB806}.Debug|x86.ActiveCfg = Debug|Any CPU
		{DAE3A274-DE5E-48B0-B2BB-B5CDBA3CB806}.Debug|x86.Build.0 = Debug|Any CPU
		{DAE3A274-DE5E-48B0-B2BB-B5CDBA3CB806}.Release|Any CPU.ActiveCfg = Release|Any CPU
		{DAE3A274-DE5E-48B0-B2BB-B5CDBA3CB806}.Release|Any CPU.Build.0 = Release|Any CPU
		{DAE3A274-DE5E-48B0-B2BB-B5CDBA3CB806}.Release|ARM.ActiveCfg = Release|Any CPU
		{DAE3A274-DE5E-48B0-B2BB-B5CDBA3CB806}.Release|ARM.Build.0 = Release|Any CPU
		{DAE3A274-DE5E-48B0-B2BB-B5CDBA3CB806}.Release|x64.ActiveCfg = Release|Any CPU
		{DAE3A274-DE5E-48B0-B2BB-B5CDBA3CB806}.Release|x64.Build.0 = Release|Any CPU
		{DAE3A274-DE5E-48B0-B2BB-B5CDBA3CB806}.Release|x86.ActiveCfg = Release|Any CPU
		{DAE3A274-DE5E-48B0-B2BB-B5CDBA3CB806}.Release|x86.Build.0 = Release|Any CPU
		{6EBF00D0-C8E7-4C33-AAB4-396BBCC545F1}.Debug|Any CPU.ActiveCfg = Debug|Any CPU
		{6EBF00D0-C8E7-4C33-AAB4-396BBCC545F1}.Debug|Any CPU.Build.0 = Debug|Any CPU
		{6EBF00D0-C8E7-4C33-AAB4-396BBCC545F1}.Debug|ARM.ActiveCfg = Debug|Any CPU
		{6EBF00D0-C8E7-4C33-AAB4-396BBCC545F1}.Debug|ARM.Build.0 = Debug|Any CPU
		{6EBF00D0-C8E7-4C33-AAB4-396BBCC545F1}.Debug|x64.ActiveCfg = Debug|Any CPU
		{6EBF00D0-C8E7-4C33-AAB4-396BBCC545F1}.Debug|x64.Build.0 = Debug|Any CPU
		{6EBF00D0-C8E7-4C33-AAB4-396BBCC545F1}.Debug|x86.ActiveCfg = Debug|Any CPU
		{6EBF00D0-C8E7-4C33-AAB4-396BBCC545F1}.Debug|x86.Build.0 = Debug|Any CPU
		{6EBF00D0-C8E7-4C33-AAB4-396BBCC545F1}.Release|Any CPU.ActiveCfg = Release|Any CPU
		{6EBF00D0-C8E7-4C33-AAB4-396BBCC545F1}.Release|Any CPU.Build.0 = Release|Any CPU
		{6EBF00D0-C8E7-4C33-AAB4-396BBCC545F1}.Release|ARM.ActiveCfg = Release|Any CPU
		{6EBF00D0-C8E7-4C33-AAB4-396BBCC545F1}.Release|ARM.Build.0 = Release|Any CPU
		{6EBF00D0-C8E7-4C33-AAB4-396BBCC545F1}.Release|x64.ActiveCfg = Release|Any CPU
		{6EBF00D0-C8E7-4C33-AAB4-396BBCC545F1}.Release|x64.Build.0 = Release|Any CPU
		{6EBF00D0-C8E7-4C33-AAB4-396BBCC545F1}.Release|x86.ActiveCfg = Release|Any CPU
		{6EBF00D0-C8E7-4C33-AAB4-396BBCC545F1}.Release|x86.Build.0 = Release|Any CPU
		{175BD6F7-5194-4A79-84D2-82E012B34730}.Debug|Any CPU.ActiveCfg = Debug|Any CPU
		{175BD6F7-5194-4A79-84D2-82E012B34730}.Debug|Any CPU.Build.0 = Debug|Any CPU
		{175BD6F7-5194-4A79-84D2-82E012B34730}.Debug|ARM.ActiveCfg = Debug|Any CPU
		{175BD6F7-5194-4A79-84D2-82E012B34730}.Debug|ARM.Build.0 = Debug|Any CPU
		{175BD6F7-5194-4A79-84D2-82E012B34730}.Debug|x64.ActiveCfg = Debug|Any CPU
		{175BD6F7-5194-4A79-84D2-82E012B34730}.Debug|x64.Build.0 = Debug|Any CPU
		{175BD6F7-5194-4A79-84D2-82E012B34730}.Debug|x86.ActiveCfg = Debug|Any CPU
		{175BD6F7-5194-4A79-84D2-82E012B34730}.Debug|x86.Build.0 = Debug|Any CPU
		{175BD6F7-5194-4A79-84D2-82E012B34730}.Release|Any CPU.ActiveCfg = Release|Any CPU
		{175BD6F7-5194-4A79-84D2-82E012B34730}.Release|Any CPU.Build.0 = Release|Any CPU
		{175BD6F7-5194-4A79-84D2-82E012B34730}.Release|ARM.ActiveCfg = Release|Any CPU
		{175BD6F7-5194-4A79-84D2-82E012B34730}.Release|ARM.Build.0 = Release|Any CPU
		{175BD6F7-5194-4A79-84D2-82E012B34730}.Release|x64.ActiveCfg = Release|Any CPU
		{175BD6F7-5194-4A79-84D2-82E012B34730}.Release|x64.Build.0 = Release|Any CPU
		{175BD6F7-5194-4A79-84D2-82E012B34730}.Release|x86.ActiveCfg = Release|Any CPU
		{175BD6F7-5194-4A79-84D2-82E012B34730}.Release|x86.Build.0 = Release|Any CPU
		{BB912513-CA1E-475B-9B29-F6D8512D8DD9}.Debug|Any CPU.ActiveCfg = Debug|Any CPU
		{BB912513-CA1E-475B-9B29-F6D8512D8DD9}.Debug|Any CPU.Build.0 = Debug|Any CPU
		{BB912513-CA1E-475B-9B29-F6D8512D8DD9}.Debug|ARM.ActiveCfg = Debug|Any CPU
		{BB912513-CA1E-475B-9B29-F6D8512D8DD9}.Debug|ARM.Build.0 = Debug|Any CPU
		{BB912513-CA1E-475B-9B29-F6D8512D8DD9}.Debug|x64.ActiveCfg = Debug|x64
		{BB912513-CA1E-475B-9B29-F6D8512D8DD9}.Debug|x64.Build.0 = Debug|x64
		{BB912513-CA1E-475B-9B29-F6D8512D8DD9}.Debug|x86.ActiveCfg = Debug|x86
		{BB912513-CA1E-475B-9B29-F6D8512D8DD9}.Debug|x86.Build.0 = Debug|x86
		{BB912513-CA1E-475B-9B29-F6D8512D8DD9}.Release|Any CPU.ActiveCfg = Release|Any CPU
		{BB912513-CA1E-475B-9B29-F6D8512D8DD9}.Release|Any CPU.Build.0 = Release|Any CPU
		{BB912513-CA1E-475B-9B29-F6D8512D8DD9}.Release|ARM.ActiveCfg = Release|Any CPU
		{BB912513-CA1E-475B-9B29-F6D8512D8DD9}.Release|ARM.Build.0 = Release|Any CPU
		{BB912513-CA1E-475B-9B29-F6D8512D8DD9}.Release|x64.ActiveCfg = Release|x64
		{BB912513-CA1E-475B-9B29-F6D8512D8DD9}.Release|x64.Build.0 = Release|x64
		{BB912513-CA1E-475B-9B29-F6D8512D8DD9}.Release|x86.ActiveCfg = Release|x86
		{BB912513-CA1E-475B-9B29-F6D8512D8DD9}.Release|x86.Build.0 = Release|x86
	EndGlobalSection
	GlobalSection(SolutionProperties) = preSolution
		HideSolutionNode = FALSE
	EndGlobalSection
	GlobalSection(NestedProjects) = preSolution
		{6016CBFC-8E73-4C38-A293-DEB2FD125169} = {657C0E27-735A-4034-9C52-D511E4B17F1B}
		{6FB1E20F-39C9-400F-89EE-14C6D9CC4B89} = {84A389A1-7ECE-42B2-9EE9-00A5610DFC2B}
		{B88350AF-B8A6-4D6B-8F2A-26309F6F340A} = {84A389A1-7ECE-42B2-9EE9-00A5610DFC2B}
		{DAE3A274-DE5E-48B0-B2BB-B5CDBA3CB806} = {A9B0A2CB-F9B9-4201-BA91-C758CECD78B3}
		{6EBF00D0-C8E7-4C33-AAB4-396BBCC545F1} = {84A389A1-7ECE-42B2-9EE9-00A5610DFC2B}
		{175BD6F7-5194-4A79-84D2-82E012B34730} = {84A389A1-7ECE-42B2-9EE9-00A5610DFC2B}
		{BB912513-CA1E-475B-9B29-F6D8512D8DD9} = {84A389A1-7ECE-42B2-9EE9-00A5610DFC2B}
	EndGlobalSection
EndGlobal
